{
  "nodes": {
    "nixpkgs": {
      "locked": {
        "lastModified": 1599253676,
        "narHash": "sha256-Ogv4oMQ0EjkpKRsJKY+J6cAuteJgwBF0vptgW4RS0r0=",
        "owner": "NixOS",
        "repo": "nixpkgs",
        "rev": "51d115ac89d676345b05a0694b23bd2691bf708a",
        "type": "github"
      },
      "original": {
        "owner": "NixOS",
        "ref": "nixos-20.03",
        "repo": "nixpkgs",
        "type": "github"
      }
    },
    "root": {
      "inputs": {
        "nixpkgs": "nixpkgs"
      }
    }
  },
  "root": "root",
  "version": 7
}
