{
  "nodes": {
    "nixpkgs": {
      "locked": {
        "lastModified": 1599438682,
        "narHash": "sha256-bQ+SNsU/EqhuxugPApNAHvc06+cr5jVGY5+AbFFLIBY=",
        "owner": "NixOS",
        "repo": "nixpkgs",
        "rev": "75dd59019ca3043d29ec6fbb3f69d9bcb46d2113",
        "type": "github"
      },
      "original": {
        "id": "nixpkgs",
        "type": "indirect"
      }
    },
    "root": {
      "inputs": {
        "nixpkgs": "nixpkgs"
      }
    }
  },
  "root": "root",
  "version": 7
}
